
Microsoft Visual Studio Solution File, Format Version 12.00
# Visual Studio Version 17
VisualStudioVersion = 17.8.34330.188
MinimumVisualStudioVersion = 10.0.40219.1
Project("{2150E333-8FDC-42A3-9474-1A3956D46DE8}") = "src", "src", "{B66796A8-0782-4222-9E18-6878B00FCE7C}"
EndProject
Project("{9A19103F-16F7-4668-BE54-9A1E7A4F7556}") = "BirthdayChecker.Application", "BirthdayChecker\src\BirthdayChecker.Application\BirthdayChecker.Application.csproj", "{E1D529CF-2E6B-4E0E-BDB5-DB009DE08397}"
EndProject
Project("{9A19103F-16F7-4668-BE54-9A1E7A4F7556}") = "BirthdayChecker.Domain", "BirthdayChecker\src\BirthdayChecker.Domain\BirthdayChecker.Domain.csproj", "{E260089B-FCF2-4F8C-9C7E-EE9B17EEA492}"
EndProject
Project("{9A19103F-16F7-4668-BE54-9A1E7A4F7556}") = "BirthdayChecker.Infrastructure", "BirthdayChecker\src\BirthdayChecker.Infrastructure\BirthdayChecker.Infrastructure.csproj", "{500AEECA-E97A-4F7B-864A-B96FBC5EA988}"
EndProject
Project("{9A19103F-16F7-4668-BE54-9A1E7A4F7556}") = "BirthdayChecker.Persistence", "BirthdayChecker\src\BirthdayChecker.Persistence\BirthdayChecker.Persistence.csproj", "{3094EB8D-646C-489C-B1C4-F19A48E4EBD2}"
EndProject
Project("{9A19103F-16F7-4668-BE54-9A1E7A4F7556}") = "BirthdayChecker.WebAPI", "BirthdayChecker\src\BirthdayChecker.WebAPI\BirthdayChecker.WebAPI.csproj", "{6215D92A-6833-4054-B984-39F1276C5FC0}"
EndProject
Project("{2150E333-8FDC-42A3-9474-1A3956D46DE8}") = "corePackages", "corePackages", "{6F83D8FE-A524-4DD2-AEFA-F81571F70F7F}"
EndProject
Project("{9A19103F-16F7-4668-BE54-9A1E7A4F7556}") = "Core.Application", "BirthdayChecker\corePackages\Core.Application\Core.Application.csproj", "{5BB99703-10A3-4631-A903-AEF188A03B87}"
EndProject
Project("{9A19103F-16F7-4668-BE54-9A1E7A4F7556}") = "Core.CrossCuttingConcerns", "BirthdayChecker\corePackages\Core.CrossCuttingConcerns\Core.CrossCuttingConcerns.csproj", "{CEF9DC93-CC3F-4D2F-989E-DB22F7A105C8}"
EndProject
Project("{9A19103F-16F7-4668-BE54-9A1E7A4F7556}") = "Core.ElasticSearch", "BirthdayChecker\corePackages\Core.ElasticSearch\Core.ElasticSearch.csproj", "{B43EF9FA-7C69-421D-91EB-176AB3A2CC62}"
EndProject
Project("{9A19103F-16F7-4668-BE54-9A1E7A4F7556}") = "Core.Mailing", "BirthdayChecker\corePackages\Core.Mailing\Core.Mailing.csproj", "{F08CE2D1-2FDF-42BC-B808-67701FAA4AFF}"
EndProject
Project("{9A19103F-16F7-4668-BE54-9A1E7A4F7556}") = "Core.Persistence", "BirthdayChecker\corePackages\Core.Persistence\Core.Persistence.csproj", "{F1D31EE2-2564-4F42-94BA-A4631ECEB112}"
EndProject
Project("{9A19103F-16F7-4668-BE54-9A1E7A4F7556}") = "Core.Security", "BirthdayChecker\corePackages\Core.Security\Core.Security.csproj", "{CBA4A70D-52DD-4389-BFF9-027BA661388D}"
EndProject
Project("{9A19103F-16F7-4668-BE54-9A1E7A4F7556}") = "Core.Test", "BirthdayChecker\corePackages\Core.Test\Core.Test.csproj", "{3699CD57-0B55-4C83-9F1C-35C8851D3505}"
EndProject
Project("{9A19103F-16F7-4668-BE54-9A1E7A4F7556}") = "Core.WebAPI", "BirthdayChecker\corePackages\Core.WebAPI\Core.WebAPI.csproj", "{CB799986-15A0-46DF-B667-9EDF69031AEE}"
EndProject
Global
	GlobalSection(SolutionConfigurationPlatforms) = preSolution
		Debug|Any CPU = Debug|Any CPU
		Release|Any CPU = Release|Any CPU
	EndGlobalSection
	GlobalSection(ProjectConfigurationPlatforms) = postSolution
		{E1D529CF-2E6B-4E0E-BDB5-DB009DE08397}.Debug|Any CPU.ActiveCfg = Debug|Any CPU
		{E1D529CF-2E6B-4E0E-BDB5-DB009DE08397}.Debug|Any CPU.Build.0 = Debug|Any CPU
		{E1D529CF-2E6B-4E0E-BDB5-DB009DE08397}.Release|Any CPU.ActiveCfg = Release|Any CPU
		{E1D529CF-2E6B-4E0E-BDB5-DB009DE08397}.Release|Any CPU.Build.0 = Release|Any CPU
		{E260089B-FCF2-4F8C-9C7E-EE9B17EEA492}.Debug|Any CPU.ActiveCfg = Debug|Any CPU
		{E260089B-FCF2-4F8C-9C7E-EE9B17EEA492}.Debug|Any CPU.Build.0 = Debug|Any CPU
		{E260089B-FCF2-4F8C-9C7E-EE9B17EEA492}.Release|Any CPU.ActiveCfg = Release|Any CPU
		{E260089B-FCF2-4F8C-9C7E-EE9B17EEA492}.Release|Any CPU.Build.0 = Release|Any CPU
		{500AEECA-E97A-4F7B-864A-B96FBC5EA988}.Debug|Any CPU.ActiveCfg = Debug|Any CPU
		{500AEECA-E97A-4F7B-864A-B96FBC5EA988}.Debug|Any CPU.Build.0 = Debug|Any CPU
		{500AEECA-E97A-4F7B-864A-B96FBC5EA988}.Release|Any CPU.ActiveCfg = Release|Any CPU
		{500AEECA-E97A-4F7B-864A-B96FBC5EA988}.Release|Any CPU.Build.0 = Release|Any CPU
		{3094EB8D-646C-489C-B1C4-F19A48E4EBD2}.Debug|Any CPU.ActiveCfg = Debug|Any CPU
		{3094EB8D-646C-489C-B1C4-F19A48E4EBD2}.Debug|Any CPU.Build.0 = Debug|Any CPU
		{3094EB8D-646C-489C-B1C4-F19A48E4EBD2}.Release|Any CPU.ActiveCfg = Release|Any CPU
		{3094EB8D-646C-489C-B1C4-F19A48E4EBD2}.Release|Any CPU.Build.0 = Release|Any CPU
		{6215D92A-6833-4054-B984-39F1276C5FC0}.Debug|Any CPU.ActiveCfg = Debug|Any CPU
		{6215D92A-6833-4054-B984-39F1276C5FC0}.Debug|Any CPU.Build.0 = Debug|Any CPU
		{6215D92A-6833-4054-B984-39F1276C5FC0}.Release|Any CPU.ActiveCfg = Release|Any CPU
		{6215D92A-6833-4054-B984-39F1276C5FC0}.Release|Any CPU.Build.0 = Release|Any CPU
		{5BB99703-10A3-4631-A903-AEF188A03B87}.Debug|Any CPU.ActiveCfg = Debug|Any CPU
		{5BB99703-10A3-4631-A903-AEF188A03B87}.Debug|Any CPU.Build.0 = Debug|Any CPU
		{5BB99703-10A3-4631-A903-AEF188A03B87}.Release|Any CPU.ActiveCfg = Release|Any CPU
		{5BB99703-10A3-4631-A903-AEF188A03B87}.Release|Any CPU.Build.0 = Release|Any CPU
		{CEF9DC93-CC3F-4D2F-989E-DB22F7A105C8}.Debug|Any CPU.ActiveCfg = Debug|Any CPU
		{CEF9DC93-CC3F-4D2F-989E-DB22F7A105C8}.Debug|Any CPU.Build.0 = Debug|Any CPU
		{CEF9DC93-CC3F-4D2F-989E-DB22F7A105C8}.Release|Any CPU.ActiveCfg = Release|Any CPU
		{CEF9DC93-CC3F-4D2F-989E-DB22F7A105C8}.Release|Any CPU.Build.0 = Release|Any CPU
		{B43EF9FA-7C69-421D-91EB-176AB3A2CC62}.Debug|Any CPU.ActiveCfg = Debug|Any CPU
		{B43EF9FA-7C69-421D-91EB-176AB3A2CC62}.Debug|Any CPU.Build.0 = Debug|Any CPU
		{B43EF9FA-7C69-421D-91EB-176AB3A2CC62}.Release|Any CPU.ActiveCfg = Release|Any CPU
		{B43EF9FA-7C69-421D-91EB-176AB3A2CC62}.Release|Any CPU.Build.0 = Release|Any CPU
		{F08CE2D1-2FDF-42BC-B808-67701FAA4AFF}.Debug|Any CPU.ActiveCfg = Debug|Any CPU
		{F08CE2D1-2FDF-42BC-B808-67701FAA4AFF}.Debug|Any CPU.Build.0 = Debug|Any CPU
		{F08CE2D1-2FDF-42BC-B808-67701FAA4AFF}.Release|Any CPU.ActiveCfg = Release|Any CPU
		{F08CE2D1-2FDF-42BC-B808-67701FAA4AFF}.Release|Any CPU.Build.0 = Release|Any CPU
		{F1D31EE2-2564-4F42-94BA-A4631ECEB112}.Debug|Any CPU.ActiveCfg = Debug|Any CPU
		{F1D31EE2-2564-4F42-94BA-A4631ECEB112}.Debug|Any CPU.Build.0 = Debug|Any CPU
		{F1D31EE2-2564-4F42-94BA-A4631ECEB112}.Release|Any CPU.ActiveCfg = Release|Any CPU
		{F1D31EE2-2564-4F42-94BA-A4631ECEB112}.Release|Any CPU.Build.0 = Release|Any CPU
		{CBA4A70D-52DD-4389-BFF9-027BA661388D}.Debug|Any CPU.ActiveCfg = Debug|Any CPU
		{CBA4A70D-52DD-4389-BFF9-027BA661388D}.Debug|Any CPU.Build.0 = Debug|Any CPU
		{CBA4A70D-52DD-4389-BFF9-027BA661388D}.Release|Any CPU.ActiveCfg = Release|Any CPU
		{CBA4A70D-52DD-4389-BFF9-027BA661388D}.Release|Any CPU.Build.0 = Release|Any CPU
		{3699CD57-0B55-4C83-9F1C-35C8851D3505}.Debug|Any CPU.ActiveCfg = Debug|Any CPU
		{3699CD57-0B55-4C83-9F1C-35C8851D3505}.Debug|Any CPU.Build.0 = Debug|Any CPU
		{3699CD57-0B55-4C83-9F1C-35C8851D3505}.Release|Any CPU.ActiveCfg = Release|Any CPU
		{3699CD57-0B55-4C83-9F1C-35C8851D3505}.Release|Any CPU.Build.0 = Release|Any CPU
		{CB799986-15A0-46DF-B667-9EDF69031AEE}.Debug|Any CPU.ActiveCfg = Debug|Any CPU
		{CB799986-15A0-46DF-B667-9EDF69031AEE}.Debug|Any CPU.Build.0 = Debug|Any CPU
		{CB799986-15A0-46DF-B667-9EDF69031AEE}.Release|Any CPU.ActiveCfg = Release|Any CPU
		{CB799986-15A0-46DF-B667-9EDF69031AEE}.Release|Any CPU.Build.0 = Release|Any CPU
	EndGlobalSection
	GlobalSection(SolutionProperties) = preSolution
		HideSolutionNode = FALSE
	EndGlobalSection
	GlobalSection(NestedProjects) = preSolution
		{E1D529CF-2E6B-4E0E-BDB5-DB009DE08397} = {B66796A8-0782-4222-9E18-6878B00FCE7C}
		{E260089B-FCF2-4F8C-9C7E-EE9B17EEA492} = {B66796A8-0782-4222-9E18-6878B00FCE7C}
		{500AEECA-E97A-4F7B-864A-B96FBC5EA988} = {B66796A8-0782-4222-9E18-6878B00FCE7C}
		{3094EB8D-646C-489C-B1C4-F19A48E4EBD2} = {B66796A8-0782-4222-9E18-6878B00FCE7C}
		{6215D92A-6833-4054-B984-39F1276C5FC0} = {B66796A8-0782-4222-9E18-6878B00FCE7C}
		{5BB99703-10A3-4631-A903-AEF188A03B87} = {6F83D8FE-A524-4DD2-AEFA-F81571F70F7F}
		{CEF9DC93-CC3F-4D2F-989E-DB22F7A105C8} = {6F83D8FE-A524-4DD2-AEFA-F81571F70F7F}
		{B43EF9FA-7C69-421D-91EB-176AB3A2CC62} = {6F83D8FE-A524-4DD2-AEFA-F81571F70F7F}
		{F08CE2D1-2FDF-42BC-B808-67701FAA4AFF} = {6F83D8FE-A524-4DD2-AEFA-F81571F70F7F}
		{F1D31EE2-2564-4F42-94BA-A4631ECEB112} = {6F83D8FE-A524-4DD2-AEFA-F81571F70F7F}
		{CBA4A70D-52DD-4389-BFF9-027BA661388D} = {6F83D8FE-A524-4DD2-AEFA-F81571F70F7F}
		{3699CD57-0B55-4C83-9F1C-35C8851D3505} = {6F83D8FE-A524-4DD2-AEFA-F81571F70F7F}
		{CB799986-15A0-46DF-B667-9EDF69031AEE} = {6F83D8FE-A524-4DD2-AEFA-F81571F70F7F}
	EndGlobalSection
	GlobalSection(ExtensibilityGlobals) = postSolution
		SolutionGuid = {01F3FB59-D272-40CC-85F8-8939F2F1B849}
	EndGlobalSection
EndGlobal
